
Microsoft Visual Studio Solution File, Format Version 12.00
# Visual Studio Version 17
VisualStudioVersion = 17.7.34202.233
MinimumVisualStudioVersion = 10.0.40219.1
Project("{FAE04EC0-301F-11D3-BF4B-00C04F79EFBC}") = "NewPatientProject", "NewPatientProject\NewPatientProject.csproj", "{063266E4-B68A-4F43-A19B-0455F9088482}"
EndProject
Global
	GlobalSection(SolutionConfigurationPlatforms) = preSolution
		Debug|Any CPU = Debug|Any CPU
		Release|Any CPU = Release|Any CPU
	EndGlobalSection
	GlobalSection(ProjectConfigurationPlatforms) = postSolution
		{063266E4-B68A-4F43-A19B-0455F9088482}.Debug|Any CPU.ActiveCfg = Debug|Any CPU
		{063266E4-B68A-4F43-A19B-0455F9088482}.Debug|Any CPU.Build.0 = Debug|Any CPU
		{063266E4-B68A-4F43-A19B-0455F9088482}.Release|Any CPU.ActiveCfg = Release|Any CPU
		{063266E4-B68A-4F43-A19B-0455F9088482}.Release|Any CPU.Build.0 = Release|Any CPU
	EndGlobalSection
	GlobalSection(SolutionProperties) = preSolution
		HideSolutionNode = FALSE
	EndGlobalSection
	GlobalSection(ExtensibilityGlobals) = postSolution
		SolutionGuid = {3514DCBC-1450-40A5-9327-748968A86AA5}
	EndGlobalSection
EndGlobal
